
Microsoft Visual Studio Solution File, Format Version 12.00
# Visual Studio 15
Project("{FAE04EC0-301F-11D3-BF4B-00C04F79EFBC}") = "Assembly-CSharp", "Assembly-CSharp.csproj", "{193A8037-A318-74BE-104B-0A0CC36B70A5}"
EndProject
Project("{FAE04EC0-301F-11D3-BF4B-00C04F79EFBC}") = "Assembly-CSharp-firstpass", "Assembly-CSharp-firstpass.csproj", "{A061476A-BC61-4A6C-751B-9E9CCC41C65D}"
EndProject
Project("{FAE04EC0-301F-11D3-BF4B-00C04F79EFBC}") = "Assembly-CSharp-Editor", "Assembly-CSharp-Editor.csproj", "{009BB7B2-B0AD-66E1-EF49-41698A5A4988}"
EndProject
Global
	GlobalSection(SolutionConfigurationPlatforms) = preSolution
		Debug|Any CPU = Debug|Any CPU
		Release|Any CPU = Release|Any CPU
	EndGlobalSection
	GlobalSection(ProjectConfigurationPlatforms) = postSolution
		{193A8037-A318-74BE-104B-0A0CC36B70A5}.Debug|Any CPU.ActiveCfg = Debug|Any CPU
		{193A8037-A318-74BE-104B-0A0CC36B70A5}.Debug|Any CPU.Build.0 = Debug|Any CPU
		{193A8037-A318-74BE-104B-0A0CC36B70A5}.Release|Any CPU.ActiveCfg = Release|Any CPU
		{193A8037-A318-74BE-104B-0A0CC36B70A5}.Release|Any CPU.Build.0 = Release|Any CPU
		{A061476A-BC61-4A6C-751B-9E9CCC41C65D}.Debug|Any CPU.ActiveCfg = Debug|Any CPU
		{A061476A-BC61-4A6C-751B-9E9CCC41C65D}.Debug|Any CPU.Build.0 = Debug|Any CPU
		{A061476A-BC61-4A6C-751B-9E9CCC41C65D}.Release|Any CPU.ActiveCfg = Release|Any CPU
		{A061476A-BC61-4A6C-751B-9E9CCC41C65D}.Release|Any CPU.Build.0 = Release|Any CPU
		{009BB7B2-B0AD-66E1-EF49-41698A5A4988}.Debug|Any CPU.ActiveCfg = Debug|Any CPU
		{009BB7B2-B0AD-66E1-EF49-41698A5A4988}.Debug|Any CPU.Build.0 = Debug|Any CPU
		{009BB7B2-B0AD-66E1-EF49-41698A5A4988}.Release|Any CPU.ActiveCfg = Release|Any CPU
		{009BB7B2-B0AD-66E1-EF49-41698A5A4988}.Release|Any CPU.Build.0 = Release|Any CPU
	EndGlobalSection
	GlobalSection(SolutionProperties) = preSolution
		HideSolutionNode = FALSE
	EndGlobalSection
EndGlobal
